Microsoft Visual Studio Solution File, Format Version 12.00
# Visual Studio Version 17
VisualStudioVersion = 17.5.2.0
MinimumVisualStudioVersion = 10.0.40219.1
Project("{FAE04EC0-301F-11D3-BF4B-00C04F79EFBC}") = "GestionClients", "GestionClients.csproj", "{174E33F7-9B00-9D6D-A4E3-704AD0729394}"
EndProject
Global
	GlobalSection(SolutionConfigurationPlatforms) = preSolution
		Debug|Any CPU = Debug|Any CPU
		Release|Any CPU = Release|Any CPU
	EndGlobalSection
	GlobalSection(ProjectConfigurationPlatforms) = postSolution
		{174E33F7-9B00-9D6D-A4E3-704AD0729394}.Debug|Any CPU.ActiveCfg = Debug|Any CPU
		{174E33F7-9B00-9D6D-A4E3-704AD0729394}.Debug|Any CPU.Build.0 = Debug|Any CPU
		{174E33F7-9B00-9D6D-A4E3-704AD0729394}.Release|Any CPU.ActiveCfg = Release|Any CPU
		{174E33F7-9B00-9D6D-A4E3-704AD0729394}.Release|Any CPU.Build.0 = Release|Any CPU
	EndGlobalSection
	GlobalSection(SolutionProperties) = preSolution
		HideSolutionNode = FALSE
	EndGlobalSection
	GlobalSection(ExtensibilityGlobals) = postSolution
		SolutionGuid = {62B5B5D1-B3D8-42DF-AD83-94600BBBDBAF}
	EndGlobalSection
EndGlobal
